# This file is autogenerated, do not edit; changes may be undone by the next 'dep ensure'.


[[projects]]
  name = "github.com/PuerkitoBio/goquery"
  packages = ["."]
  revision = "a86ea073017a6beddef78c8659e7224e8ca634b0"
  version = "v1.4.0"

[[projects]]
  name = "github.com/andybalholm/cascadia"
  packages = ["."]
  revision = "901648c87902174f774fac311d7f176f8647bdaa"
  version = "v1.0.0"

[[projects]]
  branch = "master"
  name = "golang.org/x/net"
  packages = [
    "html",
    "html/atom"
  ]
  revision = "2491c5de3490fced2f6cff376127c667efeed857"

[solve-meta]
  analyzer-name = "dep"
  analyzer-version = 1
  inputs-digest = "7745119b46373b54f1306929e4568adc686e659ef6339cf4be6eef085fc7e8ad"
  solver-name = "gps-cdcl"
  solver-version = 1
